
Microsoft Visual Studio Solution File, Format Version 12.00
# Visual Studio Version 16
VisualStudioVersion = 16.0.29905.134
MinimumVisualStudioVersion = 10.0.40219.1
Project("{FAE04EC0-301F-11D3-BF4B-00C04F79EFBC}") = "MidiSlicer", "MidiSlicer\MidiSlicer.csproj", "{1DDD35F2-2ECE-48B9-8483-278209BE3789}"
EndProject
Project("{2150E333-8FDC-42A3-9474-1A3956D46DE8}") = "Solution Items", "Solution Items", "{F7AC37FF-4524-41CB-BA9B-D42ECC13EDF5}"
	ProjectSection(SolutionItems) = preProject
		README.md = README.md
		Standard MIDI file format.html = Standard MIDI file format.html
	EndProjectSection
EndProject
Project("{FAE04EC0-301F-11D3-BF4B-00C04F79EFBC}") = "Midi", "Midi\Midi.csproj", "{2CEE0914-509B-40BF-975C-B523434578DB}"
EndProject
Project("{FAE04EC0-301F-11D3-BF4B-00C04F79EFBC}") = "FourByFour", "FourByFour\FourByFour.csproj", "{CAD47905-13AA-401D-BA13-233597DEBEE7}"
EndProject
Project("{FAE04EC0-301F-11D3-BF4B-00C04F79EFBC}") = "scratch", "scratch\scratch.csproj", "{3278200E-CC65-4980-8FFD-8237D05FDF3B}"
EndProject
Project("{8BC9CEB8-8B4A-11D0-8D11-00A0C91BC942}") = "scratch_cpp", "scratch_cpp\scratch_cpp.vcxproj", "{E3D521FE-CA11-4D09-8012-694A90DEE229}"
EndProject
Project("{FAE04EC0-301F-11D3-BF4B-00C04F79EFBC}") = "MidiMonitor", "MidiMonitor\MidiMonitor.csproj", "{55256B98-8D56-4607-8313-A6200D6339B3}"
EndProject
Project("{FAE04EC0-301F-11D3-BF4B-00C04F79EFBC}") = "taptempo", "taptempo\taptempo.csproj", "{AE23FF33-2C20-4EEE-8980-412368805199}"
EndProject
Project("{FAE04EC0-301F-11D3-BF4B-00C04F79EFBC}") = "MidiSequencer", "MidiSequencer\MidiSequencer.csproj", "{0B476472-743D-47FF-B7D8-E8212E250F8E}"
EndProject
Project("{FAE04EC0-301F-11D3-BF4B-00C04F79EFBC}") = "MidiUI", "MidiUI\MidiUI.csproj", "{8B53CD59-5D7E-4624-BBC9-12E88133E52B}"
EndProject
Project("{FAE04EC0-301F-11D3-BF4B-00C04F79EFBC}") = "MidiKeys", "MidiKeys\MidiKeys.csproj", "{95D54CE6-F455-46A0-A7F6-5FA8460C92B8}"
EndProject
Project("{FAE04EC0-301F-11D3-BF4B-00C04F79EFBC}") = "MidiDisplay", "MidiDisplay\MidiDisplay.csproj", "{3061C8D7-5A9D-4E24-8A43-6F69887F4E0D}"
EndProject
Global
	GlobalSection(SolutionConfigurationPlatforms) = preSolution
		Debug|Any CPU = Debug|Any CPU
		Debug|x64 = Debug|x64
		Debug|x86 = Debug|x86
		Release|Any CPU = Release|Any CPU
		Release|x64 = Release|x64
		Release|x86 = Release|x86
	EndGlobalSection
	GlobalSection(ProjectConfigurationPlatforms) = postSolution
		{1DDD35F2-2ECE-48B9-8483-278209BE3789}.Debug|Any CPU.ActiveCfg = Debug|Any CPU
		{1DDD35F2-2ECE-48B9-8483-278209BE3789}.Debug|Any CPU.Build.0 = Debug|Any CPU
		{1DDD35F2-2ECE-48B9-8483-278209BE3789}.Debug|x64.ActiveCfg = Debug|Any CPU
		{1DDD35F2-2ECE-48B9-8483-278209BE3789}.Debug|x64.Build.0 = Debug|Any CPU
		{1DDD35F2-2ECE-48B9-8483-278209BE3789}.Debug|x86.ActiveCfg = Debug|Any CPU
		{1DDD35F2-2ECE-48B9-8483-278209BE3789}.Debug|x86.Build.0 = Debug|Any CPU
		{1DDD35F2-2ECE-48B9-8483-278209BE3789}.Release|Any CPU.ActiveCfg = Release|Any CPU
		{1DDD35F2-2ECE-48B9-8483-278209BE3789}.Release|Any CPU.Build.0 = Release|Any CPU
		{1DDD35F2-2ECE-48B9-8483-278209BE3789}.Release|x64.ActiveCfg = Release|Any CPU
		{1DDD35F2-2ECE-48B9-8483-278209BE3789}.Release|x64.Build.0 = Release|Any CPU
		{1DDD35F2-2ECE-48B9-8483-278209BE3789}.Release|x86.ActiveCfg = Release|Any CPU
		{1DDD35F2-2ECE-48B9-8483-278209BE3789}.Release|x86.Build.0 = Release|Any CPU
		{2CEE0914-509B-40BF-975C-B523434578DB}.Debug|Any CPU.ActiveCfg = Debug|Any CPU
		{2CEE0914-509B-40BF-975C-B523434578DB}.Debug|Any CPU.Build.0 = Debug|Any CPU
		{2CEE0914-509B-40BF-975C-B523434578DB}.Debug|x64.ActiveCfg = Debug|Any CPU
		{2CEE0914-509B-40BF-975C-B523434578DB}.Debug|x64.Build.0 = Debug|Any CPU
		{2CEE0914-509B-40BF-975C-B523434578DB}.Debug|x86.ActiveCfg = Debug|Any CPU
		{2CEE0914-509B-40BF-975C-B523434578DB}.Debug|x86.Build.0 = Debug|Any CPU
		{2CEE0914-509B-40BF-975C-B523434578DB}.Release|Any CPU.ActiveCfg = Release|Any CPU
		{2CEE0914-509B-40BF-975C-B523434578DB}.Release|Any CPU.Build.0 = Release|Any CPU
		{2CEE0914-509B-40BF-975C-B523434578DB}.Release|x64.ActiveCfg = Release|Any CPU
		{2CEE0914-509B-40BF-975C-B523434578DB}.Release|x64.Build.0 = Release|Any CPU
		{2CEE0914-509B-40BF-975C-B523434578DB}.Release|x86.ActiveCfg = Release|Any CPU
		{2CEE0914-509B-40BF-975C-B523434578DB}.Release|x86.Build.0 = Release|Any CPU
		{CAD47905-13AA-401D-BA13-233597DEBEE7}.Debug|Any CPU.ActiveCfg = Debug|Any CPU
		{CAD47905-13AA-401D-BA13-233597DEBEE7}.Debug|Any CPU.Build.0 = Debug|Any CPU
		{CAD47905-13AA-401D-BA13-233597DEBEE7}.Debug|x64.ActiveCfg = Debug|Any CPU
		{CAD47905-13AA-401D-BA13-233597DEBEE7}.Debug|x64.Build.0 = Debug|Any CPU
		{CAD47905-13AA-401D-BA13-233597DEBEE7}.Debug|x86.ActiveCfg = Debug|Any CPU
		{CAD47905-13AA-401D-BA13-233597DEBEE7}.Debug|x86.Build.0 = Debug|Any CPU
		{CAD47905-13AA-401D-BA13-233597DEBEE7}.Release|Any CPU.ActiveCfg = Release|Any CPU
		{CAD47905-13AA-401D-BA13-233597DEBEE7}.Release|Any CPU.Build.0 = Release|Any CPU
		{CAD47905-13AA-401D-BA13-233597DEBEE7}.Release|x64.ActiveCfg = Release|Any CPU
		{CAD47905-13AA-401D-BA13-233597DEBEE7}.Release|x64.Build.0 = Release|Any CPU
		{CAD47905-13AA-401D-BA13-233597DEBEE7}.Release|x86.ActiveCfg = Release|Any CPU
		{CAD47905-13AA-401D-BA13-233597DEBEE7}.Release|x86.Build.0 = Release|Any CPU
		{3278200E-CC65-4980-8FFD-8237D05FDF3B}.Debug|Any CPU.ActiveCfg = Debug|Any CPU
		{3278200E-CC65-4980-8FFD-8237D05FDF3B}.Debug|Any CPU.Build.0 = Debug|Any CPU
		{3278200E-CC65-4980-8FFD-8237D05FDF3B}.Debug|x64.ActiveCfg = Debug|Any CPU
		{3278200E-CC65-4980-8FFD-8237D05FDF3B}.Debug|x64.Build.0 = Debug|Any CPU
		{3278200E-CC65-4980-8FFD-8237D05FDF3B}.Debug|x86.ActiveCfg = Debug|Any CPU
		{3278200E-CC65-4980-8FFD-8237D05FDF3B}.Debug|x86.Build.0 = Debug|Any CPU
		{3278200E-CC65-4980-8FFD-8237D05FDF3B}.Release|Any CPU.ActiveCfg = Release|Any CPU
		{3278200E-CC65-4980-8FFD-8237D05FDF3B}.Release|Any CPU.Build.0 = Release|Any CPU
		{3278200E-CC65-4980-8FFD-8237D05FDF3B}.Release|x64.ActiveCfg = Release|Any CPU
		{3278200E-CC65-4980-8FFD-8237D05FDF3B}.Release|x64.Build.0 = Release|Any CPU
		{3278200E-CC65-4980-8FFD-8237D05FDF3B}.Release|x86.ActiveCfg = Release|Any CPU
		{3278200E-CC65-4980-8FFD-8237D05FDF3B}.Release|x86.Build.0 = Release|Any CPU
		{E3D521FE-CA11-4D09-8012-694A90DEE229}.Debug|Any CPU.ActiveCfg = Debug|Win32
		{E3D521FE-CA11-4D09-8012-694A90DEE229}.Debug|x64.ActiveCfg = Debug|x64
		{E3D521FE-CA11-4D09-8012-694A90DEE229}.Debug|x64.Build.0 = Debug|x64
		{E3D521FE-CA11-4D09-8012-694A90DEE229}.Debug|x86.ActiveCfg = Debug|Win32
		{E3D521FE-CA11-4D09-8012-694A90DEE229}.Debug|x86.Build.0 = Debug|Win32
		{E3D521FE-CA11-4D09-8012-694A90DEE229}.Release|Any CPU.ActiveCfg = Release|Win32
		{E3D521FE-CA11-4D09-8012-694A90DEE229}.Release|x64.ActiveCfg = Release|x64
		{E3D521FE-CA11-4D09-8012-694A90DEE229}.Release|x64.Build.0 = Release|x64
		{E3D521FE-CA11-4D09-8012-694A90DEE229}.Release|x86.ActiveCfg = Release|Win32
		{E3D521FE-CA11-4D09-8012-694A90DEE229}.Release|x86.Build.0 = Release|Win32
		{55256B98-8D56-4607-8313-A6200D6339B3}.Debug|Any CPU.ActiveCfg = Debug|Any CPU
		{55256B98-8D56-4607-8313-A6200D6339B3}.Debug|Any CPU.Build.0 = Debug|Any CPU
		{55256B98-8D56-4607-8313-A6200D6339B3}.Debug|x64.ActiveCfg = Debug|Any CPU
		{55256B98-8D56-4607-8313-A6200D6339B3}.Debug|x64.Build.0 = Debug|Any CPU
		{55256B98-8D56-4607-8313-A6200D6339B3}.Debug|x86.ActiveCfg = Debug|Any CPU
		{55256B98-8D56-4607-8313-A6200D6339B3}.Debug|x86.Build.0 = Debug|Any CPU
		{55256B98-8D56-4607-8313-A6200D6339B3}.Release|Any CPU.ActiveCfg = Release|Any CPU
		{55256B98-8D56-4607-8313-A6200D6339B3}.Release|Any CPU.Build.0 = Release|Any CPU
		{55256B98-8D56-4607-8313-A6200D6339B3}.Release|x64.ActiveCfg = Release|Any CPU
		{55256B98-8D56-4607-8313-A6200D6339B3}.Release|x64.Build.0 = Release|Any CPU
		{55256B98-8D56-4607-8313-A6200D6339B3}.Release|x86.ActiveCfg = Release|Any CPU
		{55256B98-8D56-4607-8313-A6200D6339B3}.Release|x86.Build.0 = Release|Any CPU
		{AE23FF33-2C20-4EEE-8980-412368805199}.Debug|Any CPU.ActiveCfg = Debug|Any CPU
		{AE23FF33-2C20-4EEE-8980-412368805199}.Debug|Any CPU.Build.0 = Debug|Any CPU
		{AE23FF33-2C20-4EEE-8980-412368805199}.Debug|x64.ActiveCfg = Debug|Any CPU
		{AE23FF33-2C20-4EEE-8980-412368805199}.Debug|x64.Build.0 = Debug|Any CPU
		{AE23FF33-2C20-4EEE-8980-412368805199}.Debug|x86.ActiveCfg = Debug|Any CPU
		{AE23FF33-2C20-4EEE-8980-412368805199}.Debug|x86.Build.0 = Debug|Any CPU
		{AE23FF33-2C20-4EEE-8980-412368805199}.Release|Any CPU.ActiveCfg = Release|Any CPU
		{AE23FF33-2C20-4EEE-8980-412368805199}.Release|Any CPU.Build.0 = Release|Any CPU
		{AE23FF33-2C20-4EEE-8980-412368805199}.Release|x64.ActiveCfg = Release|Any CPU
		{AE23FF33-2C20-4EEE-8980-412368805199}.Release|x64.Build.0 = Release|Any CPU
		{AE23FF33-2C20-4EEE-8980-412368805199}.Release|x86.ActiveCfg = Release|Any CPU
		{AE23FF33-2C20-4EEE-8980-412368805199}.Release|x86.Build.0 = Release|Any CPU
		{0B476472-743D-47FF-B7D8-E8212E250F8E}.Debug|Any CPU.ActiveCfg = Debug|Any CPU
		{0B476472-743D-47FF-B7D8-E8212E250F8E}.Debug|Any CPU.Build.0 = Debug|Any CPU
		{0B476472-743D-47FF-B7D8-E8212E250F8E}.Debug|x64.ActiveCfg = Debug|Any CPU
		{0B476472-743D-47FF-B7D8-E8212E250F8E}.Debug|x64.Build.0 = Debug|Any CPU
		{0B476472-743D-47FF-B7D8-E8212E250F8E}.Debug|x86.ActiveCfg = Debug|Any CPU
		{0B476472-743D-47FF-B7D8-E8212E250F8E}.Debug|x86.Build.0 = Debug|Any CPU
		{0B476472-743D-47FF-B7D8-E8212E250F8E}.Release|Any CPU.ActiveCfg = Release|Any CPU
		{0B476472-743D-47FF-B7D8-E8212E250F8E}.Release|Any CPU.Build.0 = Release|Any CPU
		{0B476472-743D-47FF-B7D8-E8212E250F8E}.Release|x64.ActiveCfg = Release|Any CPU
		{0B476472-743D-47FF-B7D8-E8212E250F8E}.Release|x64.Build.0 = Release|Any CPU
		{0B476472-743D-47FF-B7D8-E8212E250F8E}.Release|x86.ActiveCfg = Release|Any CPU
		{0B476472-743D-47FF-B7D8-E8212E250F8E}.Release|x86.Build.0 = Release|Any CPU
		{8B53CD59-5D7E-4624-BBC9-12E88133E52B}.Debug|Any CPU.ActiveCfg = Debug|Any CPU
		{8B53CD59-5D7E-4624-BBC9-12E88133E52B}.Debug|Any CPU.Build.0 = Debug|Any CPU
		{8B53CD59-5D7E-4624-BBC9-12E88133E52B}.Debug|x64.ActiveCfg = Debug|Any CPU
		{8B53CD59-5D7E-4624-BBC9-12E88133E52B}.Debug|x64.Build.0 = Debug|Any CPU
		{8B53CD59-5D7E-4624-BBC9-12E88133E52B}.Debug|x86.ActiveCfg = Debug|Any CPU
		{8B53CD59-5D7E-4624-BBC9-12E88133E52B}.Debug|x86.Build.0 = Debug|Any CPU
		{8B53CD59-5D7E-4624-BBC9-12E88133E52B}.Release|Any CPU.ActiveCfg = Release|Any CPU
		{8B53CD59-5D7E-4624-BBC9-12E88133E52B}.Release|Any CPU.Build.0 = Release|Any CPU
		{8B53CD59-5D7E-4624-BBC9-12E88133E52B}.Release|x64.ActiveCfg = Release|Any CPU
		{8B53CD59-5D7E-4624-BBC9-12E88133E52B}.Release|x64.Build.0 = Release|Any CPU
		{8B53CD59-5D7E-4624-BBC9-12E88133E52B}.Release|x86.ActiveCfg = Release|Any CPU
		{8B53CD59-5D7E-4624-BBC9-12E88133E52B}.Release|x86.Build.0 = Release|Any CPU
		{95D54CE6-F455-46A0-A7F6-5FA8460C92B8}.Debug|Any CPU.ActiveCfg = Debug|Any CPU
		{95D54CE6-F455-46A0-A7F6-5FA8460C92B8}.Debug|Any CPU.Build.0 = Debug|Any CPU
		{95D54CE6-F455-46A0-A7F6-5FA8460C92B8}.Debug|x64.ActiveCfg = Debug|Any CPU
		{95D54CE6-F455-46A0-A7F6-5FA8460C92B8}.Debug|x64.Build.0 = Debug|Any CPU
		{95D54CE6-F455-46A0-A7F6-5FA8460C92B8}.Debug|x86.ActiveCfg = Debug|Any CPU
		{95D54CE6-F455-46A0-A7F6-5FA8460C92B8}.Debug|x86.Build.0 = Debug|Any CPU
		{95D54CE6-F455-46A0-A7F6-5FA8460C92B8}.Release|Any CPU.ActiveCfg = Release|Any CPU
		{95D54CE6-F455-46A0-A7F6-5FA8460C92B8}.Release|Any CPU.Build.0 = Release|Any CPU
		{95D54CE6-F455-46A0-A7F6-5FA8460C92B8}.Release|x64.ActiveCfg = Release|Any CPU
		{95D54CE6-F455-46A0-A7F6-5FA8460C92B8}.Release|x64.Build.0 = Release|Any CPU
		{95D54CE6-F455-46A0-A7F6-5FA8460C92B8}.Release|x86.ActiveCfg = Release|Any CPU
		{95D54CE6-F455-46A0-A7F6-5FA8460C92B8}.Release|x86.Build.0 = Release|Any CPU
		{3061C8D7-5A9D-4E24-8A43-6F69887F4E0D}.Debug|Any CPU.ActiveCfg = Debug|Any CPU
		{3061C8D7-5A9D-4E24-8A43-6F69887F4E0D}.Debug|Any CPU.Build.0 = Debug|Any CPU
		{3061C8D7-5A9D-4E24-8A43-6F69887F4E0D}.Debug|x64.ActiveCfg = Debug|Any CPU
		{3061C8D7-5A9D-4E24-8A43-6F69887F4E0D}.Debug|x64.Build.0 = Debug|Any CPU
		{3061C8D7-5A9D-4E24-8A43-6F69887F4E0D}.Debug|x86.ActiveCfg = Debug|Any CPU
		{3061C8D7-5A9D-4E24-8A43-6F69887F4E0D}.Debug|x86.Build.0 = Debug|Any CPU
		{3061C8D7-5A9D-4E24-8A43-6F69887F4E0D}.Release|Any CPU.ActiveCfg = Release|Any CPU
		{3061C8D7-5A9D-4E24-8A43-6F69887F4E0D}.Release|Any CPU.Build.0 = Release|Any CPU
		{3061C8D7-5A9D-4E24-8A43-6F69887F4E0D}.Release|x64.ActiveCfg = Release|Any CPU
		{3061C8D7-5A9D-4E24-8A43-6F69887F4E0D}.Release|x64.Build.0 = Release|Any CPU
		{3061C8D7-5A9D-4E24-8A43-6F69887F4E0D}.Release|x86.ActiveCfg = Release|Any CPU
		{3061C8D7-5A9D-4E24-8A43-6F69887F4E0D}.Release|x86.Build.0 = Release|Any CPU
	EndGlobalSection
	GlobalSection(SolutionProperties) = preSolution
		HideSolutionNode = FALSE
	EndGlobalSection
	GlobalSection(ExtensibilityGlobals) = postSolution
		SolutionGuid = {6442445B-2FA2-4002-B605-9660297CD956}
	EndGlobalSection
EndGlobal
